# This file is automatically @generated by Cargo.
# It is not intended for manual editing.
version = 3

[[package]]
name = "access-control"
version = "0.1.0"
dependencies = [
 "sdk",
 "thiserror",
]

[[package]]
name = "admin_contract"
version = "0.1.3"
dependencies = [
 "cosmwasm-std",
 "currency",
 "finance",
 "platform",
 "schema",
 "sdk",
 "serde",
 "thiserror",
 "versioning",
]

[[package]]
name = "ahash"
version = "0.7.6"
source = "registry+https://github.com/rust-lang/crates.io-index"
checksum = "fcb51a0695d8f838b1ee009b3fbf66bda078cd64590202a864a8f3e8c4315c47"
dependencies = [
 "getrandom",
 "once_cell",
 "version_check",
]

[[package]]
name = "anyhow"
version = "1.0.75"
source = "registry+https://github.com/rust-lang/crates.io-index"
checksum = "a4668cab20f66d8d020e1fbc0ebe47217433c1b6c8f2040faf858554e394ace6"

[[package]]
name = "autocfg"
version = "1.1.0"
source = "registry+https://github.com/rust-lang/crates.io-index"
checksum = "d468802bab17cbc0cc575e9b053f41e72aa36bfa6b7f55e3529ffa43161b97fa"

[[package]]
name = "base16ct"
version = "0.1.1"
source = "registry+https://github.com/rust-lang/crates.io-index"
checksum = "349a06037c7bf932dd7e7d1f653678b2038b9ad46a74102f1fc7bd7872678cce"

[[package]]
name = "base16ct"
version = "0.2.0"
source = "registry+https://github.com/rust-lang/crates.io-index"
checksum = "4c7f02d4ea65f2c1853089ffd8d2787bdbc63de2f0d29dedbcf8ccdfa0ccd4cf"

[[package]]
name = "base64"
version = "0.21.4"
source = "registry+https://github.com/rust-lang/crates.io-index"
checksum = "9ba43ea6f343b788c8764558649e08df62f86c6ef251fdaeb1ffd010a9ae50a2"

[[package]]
name = "base64ct"
version = "1.6.0"
source = "registry+https://github.com/rust-lang/crates.io-index"
checksum = "8c3c1a368f70d6cf7302d78f8f7093da241fb8e8807c05cc9e51a125895a6d5b"

[[package]]
name = "bech32"
version = "0.9.1"
source = "registry+https://github.com/rust-lang/crates.io-index"
checksum = "d86b93f97252c47b41663388e6d155714a9d0c398b99f1005cbc5f978b29f445"

[[package]]
name = "block-buffer"
version = "0.9.0"
source = "registry+https://github.com/rust-lang/crates.io-index"
checksum = "4152116fd6e9dadb291ae18fc1ec3575ed6d84c29642d97890f4b4a3417297e4"
dependencies = [
 "generic-array",
]

[[package]]
name = "block-buffer"
version = "0.10.4"
source = "registry+https://github.com/rust-lang/crates.io-index"
checksum = "3078c7629b62d3f0439517fa394996acacc5cbc91c5a20d8c658e77abd503a71"
dependencies = [
 "generic-array",
]

[[package]]
name = "bnum"
version = "0.8.0"
source = "registry+https://github.com/rust-lang/crates.io-index"
checksum = "128a44527fc0d6abf05f9eda748b9027536e12dff93f5acc8449f51583309350"

[[package]]
name = "byteorder"
version = "1.4.3"
source = "registry+https://github.com/rust-lang/crates.io-index"
checksum = "14c189c53d098945499cdfa7ecc63567cf3886b3332b312a5b4585d8d3a6a610"

[[package]]
name = "bytes"
version = "1.5.0"
source = "registry+https://github.com/rust-lang/crates.io-index"
checksum = "a2bd12c1caf447e69cd4528f47f94d203fd2582878ecb9e9465484c4148a8223"
dependencies = [
 "serde",
]

[[package]]
name = "cfg-if"
version = "1.0.0"
source = "registry+https://github.com/rust-lang/crates.io-index"
checksum = "baf1de4339761588bc0619e3cbc0120ee582ebb74b53b4efbf79117bd2da40fd"

[[package]]
name = "chrono"
version = "0.4.30"
source = "registry+https://github.com/rust-lang/crates.io-index"
checksum = "defd4e7873dbddba6c7c91e199c7fcb946abc4a6a4ac3195400bcfb01b5de877"
dependencies = [
 "num-traits",
]

[[package]]
name = "cobs"
version = "0.2.3"
source = "registry+https://github.com/rust-lang/crates.io-index"
checksum = "67ba02a97a2bd10f4b59b25c7973101c79642302776489e030cd13cdab09ed15"

[[package]]
name = "const-oid"
version = "0.9.5"
source = "registry+https://github.com/rust-lang/crates.io-index"
checksum = "28c122c3980598d243d63d9a704629a2d748d101f278052ff068be5a4423ab6f"

[[package]]
name = "cosmos-sdk-proto"
version = "0.16.0"
source = "registry+https://github.com/rust-lang/crates.io-index"
checksum = "c4776e787b24d9568dd61d3237eeb4eb321d622fb881b858c7b82806420e87d4"
dependencies = [
 "prost 0.11.9",
 "prost-types",
 "tendermint-proto 0.27.0",
]

[[package]]
name = "cosmos-sdk-proto"
version = "0.18.0"
source = "registry+https://github.com/rust-lang/crates.io-index"
checksum = "cb581177a703987352eeabf6ae6989b1c6681e92ef8b9f284b6016ab90d3dc67"
dependencies = [
 "prost 0.11.9",
 "prost-types",
 "tendermint-proto 0.31.1",
]

[[package]]
name = "cosmwasm-crypto"
version = "1.4.0"
source = "registry+https://github.com/rust-lang/crates.io-index"
checksum = "1ca101fbf2f76723711a30ea3771ef312ec3ec254ad021b237871ed802f9f175"
dependencies = [
 "digest 0.10.7",
 "ed25519-zebra",
 "k256 0.13.1",
 "rand_core 0.6.4",
 "thiserror",
]

[[package]]
name = "cosmwasm-derive"
version = "1.4.0"
source = "registry+https://github.com/rust-lang/crates.io-index"
checksum = "c73d2dd292f60e42849d2b07c03d809cf31e128a4299a805abd6d24553bcaaf5"
dependencies = [
 "syn 1.0.109",
]

[[package]]
name = "cosmwasm-schema"
version = "1.4.0"
source = "registry+https://github.com/rust-lang/crates.io-index"
checksum = "6ce34a08020433989af5cc470104f6bd22134320fe0221bd8aeb919fd5ec92d5"
dependencies = [
 "cosmwasm-schema-derive",
 "schemars",
 "serde",
 "serde_json",
 "thiserror",
]

[[package]]
name = "cosmwasm-schema-derive"
version = "1.4.0"
source = "registry+https://github.com/rust-lang/crates.io-index"
checksum = "96694ec781a7dd6dea1f968a2529ade009c21ad999c88b5f53d6cc495b3b96f7"
dependencies = [
 "proc-macro2",
 "quote",
 "syn 1.0.109",
]

[[package]]
name = "cosmwasm-std"
version = "1.4.0"
source = "registry+https://github.com/rust-lang/crates.io-index"
checksum = "2a44d3f9c25b2f864737c6605a98f2e4675d53fd8bbc7cf4d7c02475661a793d"
dependencies = [
 "base64",
 "bnum",
 "cosmwasm-crypto",
 "cosmwasm-derive",
 "derivative",
 "forward_ref",
 "hex",
 "schemars",
 "serde",
 "serde-json-wasm",
 "sha2 0.10.7",
 "thiserror",
]

[[package]]
name = "cosmwasm-storage"
version = "1.4.0"
source = "registry+https://github.com/rust-lang/crates.io-index"
checksum = "ab544dfcad7c9e971933d522d99ec75cc8ddfa338854bb992b092e11bcd7e818"
dependencies = [
 "cosmwasm-std",
 "serde",
]

[[package]]
name = "cpufeatures"
version = "0.2.9"
source = "registry+https://github.com/rust-lang/crates.io-index"
checksum = "a17b76ff3a4162b0b27f354a0c87015ddad39d35f9c0c36607a3bdd175dde1f1"
dependencies = [
 "libc",
]

[[package]]
name = "crypto-bigint"
version = "0.4.9"
source = "registry+https://github.com/rust-lang/crates.io-index"
checksum = "ef2b4b23cddf68b89b8f8069890e8c270d54e2d5fe1b143820234805e4cb17ef"
dependencies = [
 "generic-array",
 "rand_core 0.6.4",
 "subtle",
 "zeroize",
]

[[package]]
name = "crypto-bigint"
version = "0.5.3"
source = "registry+https://github.com/rust-lang/crates.io-index"
checksum = "740fe28e594155f10cfc383984cbefd529d7396050557148f79cb0f621204124"
dependencies = [
 "generic-array",
 "rand_core 0.6.4",
 "subtle",
 "zeroize",
]

[[package]]
name = "crypto-common"
version = "0.1.6"
source = "registry+https://github.com/rust-lang/crates.io-index"
checksum = "1bfb12502f3fc46cca1bb51ac28df9d618d813cdc3d2f25b9fe775a34af26bb3"
dependencies = [
 "generic-array",
 "typenum",
]

[[package]]
name = "currency"
version = "0.6.1"
dependencies = [
 "sdk",
 "serde",
 "thiserror",
]

[[package]]
name = "curve25519-dalek"
version = "3.2.0"
source = "registry+https://github.com/rust-lang/crates.io-index"
checksum = "0b9fdf9972b2bd6af2d913799d9ebc165ea4d2e65878e329d9c6b372c4491b61"
dependencies = [
 "byteorder",
 "digest 0.9.0",
 "rand_core 0.5.1",
 "subtle",
 "zeroize",
]

[[package]]
name = "cw-multi-test"
version = "0.16.5"
source = "registry+https://github.com/rust-lang/crates.io-index"
checksum = "127c7bb95853b8e828bdab97065c81cb5ddc20f7339180b61b2300565aaa99d1"
dependencies = [
 "anyhow",
 "cosmwasm-std",
 "cw-storage-plus",
 "cw-utils",
 "derivative",
 "itertools",
 "k256 0.11.6",
 "prost 0.9.0",
 "schemars",
 "serde",
 "thiserror",
]

[[package]]
name = "cw-storage-plus"
version = "1.1.0"
source = "registry+https://github.com/rust-lang/crates.io-index"
checksum = "3f0e92a069d62067f3472c62e30adedb4cab1754725c0f2a682b3128d2bf3c79"
dependencies = [
 "cosmwasm-std",
 "schemars",
 "serde",
]

[[package]]
name = "cw-utils"
version = "1.0.1"
source = "registry+https://github.com/rust-lang/crates.io-index"
checksum = "c80e93d1deccb8588db03945016a292c3c631e6325d349ebb35d2db6f4f946f7"
dependencies = [
 "cosmwasm-schema",
 "cosmwasm-std",
 "cw2",
 "schemars",
 "semver",
 "serde",
 "thiserror",
]

[[package]]
name = "cw2"
version = "1.1.0"
source = "registry+https://github.com/rust-lang/crates.io-index"
checksum = "29ac2dc7a55ad64173ca1e0a46697c31b7a5c51342f55a1e84a724da4eb99908"
dependencies = [
 "cosmwasm-schema",
 "cosmwasm-std",
 "cw-storage-plus",
 "schemars",
 "serde",
 "thiserror",
]

[[package]]
name = "der"
version = "0.6.1"
source = "registry+https://github.com/rust-lang/crates.io-index"
checksum = "f1a467a65c5e759bce6e65eaf91cc29f466cdc57cb65777bd646872a8a1fd4de"
dependencies = [
 "const-oid",
 "zeroize",
]

[[package]]
name = "der"
version = "0.7.8"
source = "registry+https://github.com/rust-lang/crates.io-index"
checksum = "fffa369a668c8af7dbf8b5e56c9f744fbd399949ed171606040001947de40b1c"
dependencies = [
 "const-oid",
 "zeroize",
]

[[package]]
name = "deranged"
version = "0.3.8"
source = "registry+https://github.com/rust-lang/crates.io-index"
checksum = "f2696e8a945f658fd14dc3b87242e6b80cd0f36ff04ea560fa39082368847946"

[[package]]
name = "derivative"
version = "2.2.0"
source = "registry+https://github.com/rust-lang/crates.io-index"
checksum = "fcc3dd5e9e9c0b295d6e1e4d811fb6f157d5ffd784b8d202fc62eac8035a770b"
dependencies = [
 "proc-macro2",
 "quote",
 "syn 1.0.109",
]

[[package]]
name = "dex"
version = "0.1.1"
dependencies = [
 "currency",
 "finance",
 "oracle",
 "platform",
 "sdk",
 "serde",
 "swap",
 "thiserror",
 "timealarms",
]

[[package]]
name = "digest"
version = "0.9.0"
source = "registry+https://github.com/rust-lang/crates.io-index"
checksum = "d3dd60d1080a57a05ab032377049e0591415d2b31afd7028356dbf3cc6dcb066"
dependencies = [
 "generic-array",
]

[[package]]
name = "digest"
version = "0.10.7"
source = "registry+https://github.com/rust-lang/crates.io-index"
checksum = "9ed9a281f7bc9b7576e61468ba615a66a5c8cfdff42420a70aa82701a3b1e292"
dependencies = [
 "block-buffer 0.10.4",
 "const-oid",
 "crypto-common",
 "subtle",
]

[[package]]
name = "dyn-clone"
version = "1.0.13"
source = "registry+https://github.com/rust-lang/crates.io-index"
checksum = "bbfc4744c1b8f2a09adc0e55242f60b1af195d88596bd8700be74418c056c555"

[[package]]
name = "ecdsa"
version = "0.14.8"
source = "registry+https://github.com/rust-lang/crates.io-index"
checksum = "413301934810f597c1d19ca71c8710e99a3f1ba28a0d2ebc01551a2daeea3c5c"
dependencies = [
 "der 0.6.1",
 "elliptic-curve 0.12.3",
 "rfc6979 0.3.1",
 "signature 1.6.4",
]

[[package]]
name = "ecdsa"
version = "0.16.8"
source = "registry+https://github.com/rust-lang/crates.io-index"
checksum = "a4b1e0c257a9e9f25f90ff76d7a68360ed497ee519c8e428d1825ef0000799d4"
dependencies = [
 "der 0.7.8",
 "digest 0.10.7",
 "elliptic-curve 0.13.5",
 "rfc6979 0.4.0",
 "signature 2.1.0",
 "spki 0.7.2",
]

[[package]]
name = "ed25519-zebra"
version = "3.1.0"
source = "registry+https://github.com/rust-lang/crates.io-index"
checksum = "7c24f403d068ad0b359e577a77f92392118be3f3c927538f2bb544a5ecd828c6"
dependencies = [
 "curve25519-dalek",
 "hashbrown",
 "hex",
 "rand_core 0.6.4",
 "serde",
 "sha2 0.9.9",
 "zeroize",
]

[[package]]
name = "either"
version = "1.9.0"
source = "registry+https://github.com/rust-lang/crates.io-index"
checksum = "a26ae43d7bcc3b814de94796a5e736d4029efb0ee900c12e2d54c993ad1a1e07"

[[package]]
name = "elliptic-curve"
version = "0.12.3"
source = "registry+https://github.com/rust-lang/crates.io-index"
checksum = "e7bb888ab5300a19b8e5bceef25ac745ad065f3c9f7efc6de1b91958110891d3"
dependencies = [
 "base16ct 0.1.1",
 "crypto-bigint 0.4.9",
 "der 0.6.1",
 "digest 0.10.7",
 "ff 0.12.1",
 "generic-array",
 "group 0.12.1",
 "pkcs8 0.9.0",
 "rand_core 0.6.4",
 "sec1 0.3.0",
 "subtle",
 "zeroize",
]

[[package]]
name = "elliptic-curve"
version = "0.13.5"
source = "registry+https://github.com/rust-lang/crates.io-index"
checksum = "968405c8fdc9b3bf4df0a6638858cc0b52462836ab6b1c87377785dd09cf1c0b"
dependencies = [
 "base16ct 0.2.0",
 "crypto-bigint 0.5.3",
 "digest 0.10.7",
 "ff 0.13.0",
 "generic-array",
 "group 0.13.0",
 "pkcs8 0.10.2",
 "rand_core 0.6.4",
 "sec1 0.7.3",
 "subtle",
 "zeroize",
]

[[package]]
name = "enum_dispatch"
version = "0.3.12"
source = "registry+https://github.com/rust-lang/crates.io-index"
checksum = "8f33313078bb8d4d05a2733a94ac4c2d8a0df9a2b84424ebf4f33bfc224a890e"
dependencies = [
 "once_cell",
 "proc-macro2",
 "quote",
 "syn 2.0.32",
]

[[package]]
name = "ff"
version = "0.12.1"
source = "registry+https://github.com/rust-lang/crates.io-index"
checksum = "d013fc25338cc558c5c2cfbad646908fb23591e2404481826742b651c9af7160"
dependencies = [
 "rand_core 0.6.4",
 "subtle",
]

[[package]]
name = "ff"
version = "0.13.0"
source = "registry+https://github.com/rust-lang/crates.io-index"
checksum = "ded41244b729663b1e574f1b4fb731469f69f79c17667b5d776b16cda0479449"
dependencies = [
 "rand_core 0.6.4",
 "subtle",
]

[[package]]
name = "finance"
version = "0.2.1"
dependencies = [
 "currency",
 "gcd",
 "sdk",
 "serde",
 "thiserror",
]

[[package]]
name = "flex-error"
version = "0.4.4"
source = "registry+https://github.com/rust-lang/crates.io-index"
checksum = "c606d892c9de11507fa0dcffc116434f94e105d0bbdc4e405b61519464c49d7b"
dependencies = [
 "paste",
]

[[package]]
name = "forward_ref"
version = "1.0.0"
source = "registry+https://github.com/rust-lang/crates.io-index"
checksum = "c8cbd1169bd7b4a0a20d92b9af7a7e0422888bd38a6f5ec29c1fd8c1558a272e"

[[package]]
name = "gcd"
version = "2.3.0"
source = "registry+https://github.com/rust-lang/crates.io-index"
checksum = "1d758ba1b47b00caf47f24925c0074ecb20d6dfcffe7f6d53395c0465674841a"

[[package]]
name = "generic-array"
version = "0.14.7"
source = "registry+https://github.com/rust-lang/crates.io-index"
checksum = "85649ca51fd72272d7821adaf274ad91c288277713d9c18820d8499a7ff69e9a"
dependencies = [
 "typenum",
 "version_check",
 "zeroize",
]

[[package]]
name = "getrandom"
version = "0.2.10"
source = "registry+https://github.com/rust-lang/crates.io-index"
checksum = "be4136b2a15dd319360be1c07d9933517ccf0be8f16bf62a3bee4f0d618df427"
dependencies = [
 "cfg-if",
 "libc",
 "wasi",
]

[[package]]
name = "group"
version = "0.12.1"
source = "registry+https://github.com/rust-lang/crates.io-index"
checksum = "5dfbfb3a6cfbd390d5c9564ab283a0349b9b9fcd46a706c1eb10e0db70bfbac7"
dependencies = [
 "ff 0.12.1",
 "rand_core 0.6.4",
 "subtle",
]

[[package]]
name = "group"
version = "0.13.0"
source = "registry+https://github.com/rust-lang/crates.io-index"
checksum = "f0f9ef7462f7c099f518d754361858f86d8a07af53ba9af0fe635bbccb151a63"
dependencies = [
 "ff 0.13.0",
 "rand_core 0.6.4",
 "subtle",
]

[[package]]
name = "hashbrown"
version = "0.12.3"
source = "registry+https://github.com/rust-lang/crates.io-index"
checksum = "8a9ee70c43aaf417c914396645a0fa852624801b24ebb7ae78fe8272889ac888"
dependencies = [
 "ahash",
]

[[package]]
name = "hex"
version = "0.4.3"
source = "registry+https://github.com/rust-lang/crates.io-index"
checksum = "7f24254aa9a54b5c858eaee2f5bccdb46aaf0e486a595ed5fd8f86ba55232a70"

[[package]]
name = "hmac"
version = "0.12.1"
source = "registry+https://github.com/rust-lang/crates.io-index"
checksum = "6c49c37c09c17a53d937dfbb742eb3a961d65a994e6bcdcf37e7399d0cc8ab5e"
dependencies = [
 "digest 0.10.7",
]

[[package]]
name = "integration_tests"
version = "0.3.0"
dependencies = [
 "access-control",
 "anyhow",
 "currency",
 "finance",
 "lease",
 "leaser",
 "lpp",
 "marketprice",
 "oracle",
 "platform",
 "profit",
 "rewards_dispatcher",
 "sdk",
 "serde",
 "serde-json-wasm",
 "swap",
 "thiserror",
 "timealarms",
 "treasury",
 "tree",
]

[[package]]
name = "itertools"
version = "0.10.5"
source = "registry+https://github.com/rust-lang/crates.io-index"
checksum = "b0fd2260e829bddf4cb6ea802289de2f86d6a7a690192fbe91b3f46e0f2c8473"
dependencies = [
 "either",
]

[[package]]
name = "itoa"
version = "1.0.9"
source = "registry+https://github.com/rust-lang/crates.io-index"
checksum = "af150ab688ff2122fcef229be89cb50dd66af9e01a4ff320cc137eecc9bacc38"

[[package]]
name = "k256"
version = "0.11.6"
source = "registry+https://github.com/rust-lang/crates.io-index"
checksum = "72c1e0b51e7ec0a97369623508396067a486bd0cbed95a2659a4b863d28cfc8b"
dependencies = [
 "cfg-if",
 "ecdsa 0.14.8",
 "elliptic-curve 0.12.3",
 "sha2 0.10.7",
]

[[package]]
name = "k256"
version = "0.13.1"
source = "registry+https://github.com/rust-lang/crates.io-index"
checksum = "cadb76004ed8e97623117f3df85b17aaa6626ab0b0831e6573f104df16cd1bcc"
dependencies = [
 "cfg-if",
 "ecdsa 0.16.8",
 "elliptic-curve 0.13.5",
 "once_cell",
 "sha2 0.10.7",
 "signature 2.1.0",
]

[[package]]
name = "lease"
version = "0.8.0"
dependencies = [
 "access-control",
 "cosmwasm-std",
 "currency",
 "dex",
 "enum_dispatch",
 "finance",
 "lpp",
 "marketprice",
 "oracle",
 "platform",
 "profit",
 "schema",
 "sdk",
 "serde",
 "thiserror",
 "timealarms",
 "versioning",
]

[[package]]
name = "leaser"
version = "0.5.3"
dependencies = [
 "access-control",
 "cosmwasm-std",
 "currency",
 "finance",
 "lease",
 "lpp",
 "oracle",
 "platform",
 "schema",
 "sdk",
 "serde",
 "thiserror",
 "versioning",
]

[[package]]
name = "libc"
version = "0.2.148"
source = "registry+https://github.com/rust-lang/crates.io-index"
checksum = "9cdc71e17332e86d2e1d38c1f99edcb6288ee11b815fb1a4b049eaa2114d369b"

[[package]]
name = "lpp"
version = "0.4.2"
dependencies = [
 "access-control",
 "cosmwasm-std",
 "currency",
 "finance",
 "platform",
 "schema",
 "sdk",
 "serde",
 "serde_json",
 "thiserror",
 "versioning",
]

[[package]]
name = "marketprice"
version = "0.3.0"
dependencies = [
 "currency",
 "finance",
 "platform",
 "postcard",
 "sdk",
 "serde",
 "swap",
 "thiserror",
]

[[package]]
name = "neutron-sdk"
version = "0.6.1"
source = "git+https://github.com/neutron-org/neutron-sdk?tag=v0.6.1#3c95b6c751a73a4ba25c12fdf661ae5c1f1a44a9"
dependencies = [
 "base64",
 "bech32",
 "cosmos-sdk-proto 0.16.0",
 "cosmwasm-schema",
 "cosmwasm-std",
 "cw-storage-plus",
 "prost 0.11.9",
 "protobuf",
 "schemars",
 "serde",
 "serde-json-wasm",
 "serde_json",
 "thiserror",
]

[[package]]
name = "num-derive"
version = "0.3.3"
source = "registry+https://github.com/rust-lang/crates.io-index"
checksum = "876a53fff98e03a936a674b29568b0e605f06b29372c2489ff4de23f1949743d"
dependencies = [
 "proc-macro2",
 "quote",
 "syn 1.0.109",
]

[[package]]
name = "num-traits"
version = "0.2.16"
source = "registry+https://github.com/rust-lang/crates.io-index"
checksum = "f30b0abd723be7e2ffca1272140fac1a2f084c77ec3e123c192b66af1ee9e6c2"
dependencies = [
 "autocfg",
]

[[package]]
name = "once_cell"
version = "1.18.0"
source = "registry+https://github.com/rust-lang/crates.io-index"
checksum = "dd8b5dd2ae5ed71462c540258bedcb51965123ad7e7ccf4b9a8cafaa4a63576d"

[[package]]
name = "opaque-debug"
version = "0.3.0"
source = "registry+https://github.com/rust-lang/crates.io-index"
checksum = "624a8340c38c1b80fd549087862da4ba43e08858af025b236e509b6649fc13d5"

[[package]]
name = "oracle"
version = "0.5.8"
dependencies = [
 "cosmwasm-std",
 "currency",
 "finance",
 "marketprice",
 "platform",
 "schema",
 "sdk",
 "serde",
 "serde-json-wasm",
 "swap",
 "thiserror",
 "tree",
 "versioning",
]

[[package]]
name = "osmosis-std"
version = "0.19.1"
source = "registry+https://github.com/rust-lang/crates.io-index"
checksum = "088997c4da871db9edb9e090a4e164d1cb12498781491ccb8030246287400300"
dependencies = [
 "chrono",
 "cosmwasm-std",
 "osmosis-std-derive",
 "prost 0.11.9",
 "prost-types",
 "schemars",
 "serde",
 "serde-cw-value",
]

[[package]]
name = "osmosis-std-derive"
version = "0.16.2"
source = "registry+https://github.com/rust-lang/crates.io-index"
checksum = "f47f0b2f22adb341bb59e5a3a1b464dde033181954bd055b9ae86d6511ba465b"
dependencies = [
 "itertools",
 "proc-macro2",
 "prost-types",
 "quote",
 "syn 1.0.109",
]

[[package]]
name = "paste"
version = "1.0.14"
source = "registry+https://github.com/rust-lang/crates.io-index"
checksum = "de3145af08024dea9fa9914f381a17b8fc6034dfb00f3a84013f7ff43f29ed4c"

[[package]]
name = "pkcs8"
version = "0.9.0"
source = "registry+https://github.com/rust-lang/crates.io-index"
checksum = "9eca2c590a5f85da82668fa685c09ce2888b9430e83299debf1f34b65fd4a4ba"
dependencies = [
 "der 0.6.1",
 "spki 0.6.0",
]

[[package]]
name = "pkcs8"
version = "0.10.2"
source = "registry+https://github.com/rust-lang/crates.io-index"
checksum = "f950b2377845cebe5cf8b5165cb3cc1a5e0fa5cfa3e1f7f55707d8fd82e0a7b7"
dependencies = [
 "der 0.7.8",
 "spki 0.7.2",
]

[[package]]
name = "platform"
version = "0.1.2"
dependencies = [
 "currency",
 "finance",
 "prost 0.11.9",
 "sdk",
 "serde",
 "serde-json-wasm",
 "thiserror",
]

[[package]]
name = "postcard"
version = "1.0.7"
source = "registry+https://github.com/rust-lang/crates.io-index"
checksum = "d534c6e61df1c7166e636ca612d9820d486fe96ddad37f7abc671517b297488e"
dependencies = [
 "cobs",
 "serde",
]

[[package]]
name = "proc-macro2"
version = "1.0.66"
source = "registry+https://github.com/rust-lang/crates.io-index"
checksum = "18fb31db3f9bddb2ea821cde30a9f70117e3f119938b5ee630b7403aa6e2ead9"
dependencies = [
 "unicode-ident",
]

[[package]]
name = "profit"
version = "0.5.5"
dependencies = [
 "access-control",
 "cosmwasm-std",
 "currency",
 "dex",
 "finance",
 "oracle",
 "platform",
 "schema",
 "sdk",
 "serde",
 "thiserror",
 "timealarms",
 "versioning",
]

[[package]]
name = "prost"
version = "0.9.0"
source = "registry+https://github.com/rust-lang/crates.io-index"
checksum = "444879275cb4fd84958b1a1d5420d15e6fcf7c235fe47f053c9c2a80aceb6001"
dependencies = [
 "bytes",
 "prost-derive 0.9.0",
]

[[package]]
name = "prost"
version = "0.11.9"
source = "registry+https://github.com/rust-lang/crates.io-index"
checksum = "0b82eaa1d779e9a4bc1c3217db8ffbeabaae1dca241bf70183242128d48681cd"
dependencies = [
 "bytes",
 "prost-derive 0.11.9",
]

[[package]]
name = "prost-derive"
version = "0.9.0"
source = "registry+https://github.com/rust-lang/crates.io-index"
checksum = "f9cc1a3263e07e0bf68e96268f37665207b49560d98739662cdfaae215c720fe"
dependencies = [
 "anyhow",
 "itertools",
 "proc-macro2",
 "quote",
 "syn 1.0.109",
]

[[package]]
name = "prost-derive"
version = "0.11.9"
source = "registry+https://github.com/rust-lang/crates.io-index"
checksum = "e5d2d8d10f3c6ded6da8b05b5fb3b8a5082514344d56c9f871412d29b4e075b4"
dependencies = [
 "anyhow",
 "itertools",
 "proc-macro2",
 "quote",
 "syn 1.0.109",
]

[[package]]
name = "prost-types"
version = "0.11.9"
source = "registry+https://github.com/rust-lang/crates.io-index"
checksum = "213622a1460818959ac1181aaeb2dc9c7f63df720db7d788b3e24eacd1983e13"
dependencies = [
 "prost 0.11.9",
]

[[package]]
name = "protobuf"
version = "3.2.0"
source = "registry+https://github.com/rust-lang/crates.io-index"
checksum = "b55bad9126f378a853655831eb7363b7b01b81d19f8cb1218861086ca4a1a61e"
dependencies = [
 "bytes",
 "once_cell",
 "protobuf-support",
 "thiserror",
]

[[package]]
name = "protobuf-support"
version = "3.2.0"
source = "registry+https://github.com/rust-lang/crates.io-index"
checksum = "a5d4d7b8601c814cfb36bcebb79f0e61e45e1e93640cf778837833bbed05c372"
dependencies = [
 "thiserror",
]

[[package]]
name = "quote"
version = "1.0.33"
source = "registry+https://github.com/rust-lang/crates.io-index"
checksum = "5267fca4496028628a95160fc423a33e8b2e6af8a5302579e322e4b520293cae"
dependencies = [
 "proc-macro2",
]

[[package]]
name = "rand_core"
version = "0.5.1"
source = "registry+https://github.com/rust-lang/crates.io-index"
checksum = "90bde5296fc891b0cef12a6d03ddccc162ce7b2aff54160af9338f8d40df6d19"

[[package]]
name = "rand_core"
version = "0.6.4"
source = "registry+https://github.com/rust-lang/crates.io-index"
checksum = "ec0be4795e2f6a28069bec0b5ff3e2ac9bafc99e6a9a7dc3547996c5c816922c"
dependencies = [
 "getrandom",
]

[[package]]
name = "rewards_dispatcher"
version = "0.5.1"
dependencies = [
 "access-control",
 "cosmwasm-std",
 "currency",
 "finance",
 "lpp",
 "oracle",
 "platform",
 "schema",
 "sdk",
 "serde",
 "thiserror",
 "timealarms",
 "treasury",
 "versioning",
]

[[package]]
name = "rfc6979"
version = "0.3.1"
source = "registry+https://github.com/rust-lang/crates.io-index"
checksum = "7743f17af12fa0b03b803ba12cd6a8d9483a587e89c69445e3909655c0b9fabb"
dependencies = [
 "crypto-bigint 0.4.9",
 "hmac",
 "zeroize",
]

[[package]]
name = "rfc6979"
version = "0.4.0"
source = "registry+https://github.com/rust-lang/crates.io-index"
checksum = "f8dd2a808d456c4a54e300a23e9f5a67e122c3024119acbfd73e3bf664491cb2"
dependencies = [
 "hmac",
 "subtle",
]

[[package]]
name = "ryu"
version = "1.0.15"
source = "registry+https://github.com/rust-lang/crates.io-index"
checksum = "1ad4cc8da4ef723ed60bced201181d83791ad433213d8c24efffda1eec85d741"

[[package]]
name = "schema"
version = "0.1.0"
dependencies = [
 "thiserror",
]

[[package]]
name = "schemars"
version = "0.8.13"
source = "registry+https://github.com/rust-lang/crates.io-index"
checksum = "763f8cd0d4c71ed8389c90cb8100cba87e763bd01a8e614d4f0af97bcd50a161"
dependencies = [
 "dyn-clone",
 "schemars_derive",
 "serde",
 "serde_json",
]

[[package]]
name = "schemars_derive"
version = "0.8.13"
source = "registry+https://github.com/rust-lang/crates.io-index"
checksum = "ec0f696e21e10fa546b7ffb1c9672c6de8fbc7a81acf59524386d8639bf12737"
dependencies = [
 "proc-macro2",
 "quote",
 "serde_derive_internals",
 "syn 1.0.109",
]

[[package]]
name = "sdk"
version = "0.2.0"
dependencies = [
 "anyhow",
 "cosmos-sdk-proto 0.18.0",
 "cosmwasm-schema",
 "cosmwasm-std",
 "cosmwasm-storage",
 "cw-multi-test",
 "cw-storage-plus",
 "neutron-sdk",
 "serde",
]

[[package]]
name = "sec1"
version = "0.3.0"
source = "registry+https://github.com/rust-lang/crates.io-index"
checksum = "3be24c1842290c45df0a7bf069e0c268a747ad05a192f2fd7dcfdbc1cba40928"
dependencies = [
 "base16ct 0.1.1",
 "der 0.6.1",
 "generic-array",
 "pkcs8 0.9.0",
 "subtle",
 "zeroize",
]

[[package]]
name = "sec1"
version = "0.7.3"
source = "registry+https://github.com/rust-lang/crates.io-index"
checksum = "d3e97a565f76233a6003f9f5c54be1d9c5bdfa3eccfb189469f11ec4901c47dc"
dependencies = [
 "base16ct 0.2.0",
 "der 0.7.8",
 "generic-array",
 "pkcs8 0.10.2",
 "subtle",
 "zeroize",
]

[[package]]
name = "semver"
version = "1.0.18"
source = "registry+https://github.com/rust-lang/crates.io-index"
checksum = "b0293b4b29daaf487284529cc2f5675b8e57c61f70167ba415a463651fd6a918"

[[package]]
name = "serde"
version = "1.0.188"
source = "registry+https://github.com/rust-lang/crates.io-index"
checksum = "cf9e0fcba69a370eed61bcf2b728575f726b50b55cba78064753d708ddc7549e"
dependencies = [
 "serde_derive",
]

[[package]]
name = "serde-cw-value"
version = "0.7.0"
source = "registry+https://github.com/rust-lang/crates.io-index"
checksum = "a75d32da6b8ed758b7d850b6c3c08f1d7df51a4df3cb201296e63e34a78e99d4"
dependencies = [
 "serde",
]

[[package]]
name = "serde-json-wasm"
version = "0.5.1"
source = "registry+https://github.com/rust-lang/crates.io-index"
checksum = "16a62a1fad1e1828b24acac8f2b468971dade7b8c3c2e672bcadefefb1f8c137"
dependencies = [
 "serde",
]

[[package]]
name = "serde_bytes"
version = "0.11.12"
source = "registry+https://github.com/rust-lang/crates.io-index"
checksum = "ab33ec92f677585af6d88c65593ae2375adde54efdbf16d597f2cbc7a6d368ff"
dependencies = [
 "serde",
]

[[package]]
name = "serde_derive"
version = "1.0.188"
source = "registry+https://github.com/rust-lang/crates.io-index"
checksum = "4eca7ac642d82aa35b60049a6eccb4be6be75e599bd2e9adb5f875a737654af2"
dependencies = [
 "proc-macro2",
 "quote",
 "syn 2.0.32",
]

[[package]]
name = "serde_derive_internals"
version = "0.26.0"
source = "registry+https://github.com/rust-lang/crates.io-index"
checksum = "85bf8229e7920a9f636479437026331ce11aa132b4dde37d121944a44d6e5f3c"
dependencies = [
 "proc-macro2",
 "quote",
 "syn 1.0.109",
]

[[package]]
name = "serde_json"
version = "1.0.106"
source = "registry+https://github.com/rust-lang/crates.io-index"
checksum = "2cc66a619ed80bf7a0f6b17dd063a84b88f6dea1813737cf469aef1d081142c2"
dependencies = [
 "itoa",
 "ryu",
 "serde",
]

[[package]]
name = "sha2"
version = "0.9.9"
source = "registry+https://github.com/rust-lang/crates.io-index"
checksum = "4d58a1e1bf39749807d89cf2d98ac2dfa0ff1cb3faa38fbb64dd88ac8013d800"
dependencies = [
 "block-buffer 0.9.0",
 "cfg-if",
 "cpufeatures",
 "digest 0.9.0",
 "opaque-debug",
]

[[package]]
name = "sha2"
version = "0.10.7"
source = "registry+https://github.com/rust-lang/crates.io-index"
checksum = "479fb9d862239e610720565ca91403019f2f00410f1864c5aa7479b950a76ed8"
dependencies = [
 "cfg-if",
 "cpufeatures",
 "digest 0.10.7",
]

[[package]]
name = "signature"
version = "1.6.4"
source = "registry+https://github.com/rust-lang/crates.io-index"
checksum = "74233d3b3b2f6d4b006dc19dee745e73e2a6bfb6f93607cd3b02bd5b00797d7c"
dependencies = [
 "digest 0.10.7",
 "rand_core 0.6.4",
]

[[package]]
name = "signature"
version = "2.1.0"
source = "registry+https://github.com/rust-lang/crates.io-index"
checksum = "5e1788eed21689f9cf370582dfc467ef36ed9c707f073528ddafa8d83e3b8500"
dependencies = [
 "digest 0.10.7",
 "rand_core 0.6.4",
]

[[package]]
name = "spki"
version = "0.6.0"
source = "registry+https://github.com/rust-lang/crates.io-index"
checksum = "67cf02bbac7a337dc36e4f5a693db6c21e7863f45070f7064577eb4367a3212b"
dependencies = [
 "base64ct",
 "der 0.6.1",
]

[[package]]
name = "spki"
version = "0.7.2"
source = "registry+https://github.com/rust-lang/crates.io-index"
checksum = "9d1e996ef02c474957d681f1b05213dfb0abab947b446a62d37770b23500184a"
dependencies = [
 "base64ct",
 "der 0.7.8",
]

[[package]]
name = "subtle"
version = "2.5.0"
source = "registry+https://github.com/rust-lang/crates.io-index"
checksum = "81cdd64d312baedb58e21336b31bc043b77e01cc99033ce76ef539f78e965ebc"

[[package]]
name = "subtle-encoding"
version = "0.5.1"
source = "registry+https://github.com/rust-lang/crates.io-index"
checksum = "7dcb1ed7b8330c5eed5441052651dd7a12c75e2ed88f2ec024ae1fa3a5e59945"
dependencies = [
 "zeroize",
]

[[package]]
name = "swap"
version = "0.1.0"
dependencies = [
 "currency",
 "finance",
 "osmosis-std",
 "platform",
 "sdk",
 "serde",
 "thiserror",
]

[[package]]
name = "syn"
version = "1.0.109"
source = "registry+https://github.com/rust-lang/crates.io-index"
checksum = "72b64191b275b66ffe2469e8af2c1cfe3bafa67b529ead792a6d0160888b4237"
dependencies = [
 "proc-macro2",
 "quote",
 "unicode-ident",
]

[[package]]
name = "syn"
version = "2.0.32"
source = "registry+https://github.com/rust-lang/crates.io-index"
checksum = "239814284fd6f1a4ffe4ca893952cdd93c224b6a1571c9a9eadd670295c0c9e2"
dependencies = [
 "proc-macro2",
 "quote",
 "unicode-ident",
]

[[package]]
name = "tendermint-proto"
version = "0.27.0"
source = "registry+https://github.com/rust-lang/crates.io-index"
checksum = "d5895470f28c530f8ae8c4071bf8190304ce00bd131d25e81730453124a3375c"
dependencies = [
 "bytes",
 "flex-error",
 "num-derive",
 "num-traits",
 "prost 0.11.9",
 "prost-types",
 "serde",
 "serde_bytes",
 "subtle-encoding",
 "time",
]

[[package]]
name = "tendermint-proto"
version = "0.31.1"
source = "registry+https://github.com/rust-lang/crates.io-index"
checksum = "a1f15666993e193fa4d2b2479aa1e4f1bbe41283c820812df8dd618f41ca3f7a"
dependencies = [
 "bytes",
 "flex-error",
 "num-derive",
 "num-traits",
 "prost 0.11.9",
 "prost-types",
 "serde",
 "serde_bytes",
 "subtle-encoding",
 "time",
]

[[package]]
name = "thiserror"
version = "1.0.48"
source = "registry+https://github.com/rust-lang/crates.io-index"
checksum = "9d6d7a740b8a666a7e828dd00da9c0dc290dff53154ea77ac109281de90589b7"
dependencies = [
 "thiserror-impl",
]

[[package]]
name = "thiserror-impl"
version = "1.0.48"
source = "registry+https://github.com/rust-lang/crates.io-index"
checksum = "49922ecae66cc8a249b77e68d1d0623c1b2c514f0060c27cdc68bd62a1219d35"
dependencies = [
 "proc-macro2",
 "quote",
 "syn 2.0.32",
]

[[package]]
name = "time"
version = "0.3.28"
source = "registry+https://github.com/rust-lang/crates.io-index"
checksum = "17f6bb557fd245c28e6411aa56b6403c689ad95061f50e4be16c274e70a17e48"
dependencies = [
 "deranged",
 "time-core",
 "time-macros",
]

[[package]]
name = "time-core"
version = "0.1.1"
source = "registry+https://github.com/rust-lang/crates.io-index"
checksum = "7300fbefb4dadc1af235a9cef3737cea692a9d97e1b9cbcd4ebdae6f8868e6fb"

[[package]]
name = "time-macros"
version = "0.2.14"
source = "registry+https://github.com/rust-lang/crates.io-index"
checksum = "1a942f44339478ef67935ab2bbaec2fb0322496cf3cbe84b261e06ac3814c572"
dependencies = [
 "time-core",
]

[[package]]
name = "time-oracle"
version = "0.2.0"
dependencies = [
 "sdk",
 "serde",
 "thiserror",
]

[[package]]
name = "timealarms"
version = "0.4.2"
dependencies = [
 "cosmwasm-std",
 "platform",
 "schema",
 "sdk",
 "serde",
 "thiserror",
 "time-oracle",
 "versioning",
]

[[package]]
name = "treasury"
version = "0.3.1"
dependencies = [
 "access-control",
 "cosmwasm-std",
 "currency",
 "finance",
 "platform",
 "schema",
 "sdk",
 "semver",
 "serde",
 "thiserror",
 "versioning",
]

[[package]]
name = "tree"
version = "0.1.0"
dependencies = [
 "sdk",
 "serde",
 "serde-json-wasm",
]

[[package]]
name = "typenum"
version = "1.16.0"
source = "registry+https://github.com/rust-lang/crates.io-index"
checksum = "497961ef93d974e23eb6f433eb5fe1b7930b659f06d12dec6fc44a8f554c0bba"

[[package]]
name = "unicode-ident"
version = "1.0.12"
source = "registry+https://github.com/rust-lang/crates.io-index"
checksum = "3354b9ac3fae1ff6755cb6db53683adb661634f67557942dea4facebec0fee4b"

[[package]]
name = "version_check"
version = "0.9.4"
source = "registry+https://github.com/rust-lang/crates.io-index"
checksum = "49874b5167b65d7193b8aba1567f5c7d93d001cafc34600cee003eda787e483f"

[[package]]
name = "versioning"
version = "0.0.1"
dependencies = [
 "sdk",
 "serde",
 "serde_json",
]

[[package]]
name = "wasi"
version = "0.11.0+wasi-snapshot-preview1"
source = "registry+https://github.com/rust-lang/crates.io-index"
checksum = "9c8d87e72b64a3b4db28d11ce29237c246188f4f51057d65a7eab63b7987e423"

[[package]]
name = "zeroize"
version = "1.6.0"
source = "registry+https://github.com/rust-lang/crates.io-index"
checksum = "2a0956f1ba7c7909bfb66c2e9e4124ab6f6482560f6628b5aaeba39207c9aad9"
