{
  "nodes": {
    "nixpkgs": {
      "locked": {
        "lastModified": 1755593991,
        "narHash": "sha256-BA9MuPjBDx/WnpTJ0EGhStyfE7hug8g85Y3Ju9oTsM4=",
        "owner": "nixos",
        "repo": "nixpkgs",
        "rev": "a58390ab6f1aa810eb8e0f0fc74230e7cc06de03",
        "type": "github"
      },
      "original": {
        "owner": "nixos",
        "ref": "nixos-25.05",
        "repo": "nixpkgs",
        "type": "github"
      }
    },
    "root": {
      "inputs": {
        "nixpkgs": "nixpkgs",
        "rust-overlay": "rust-overlay"
      }
    },
    "rust-overlay": {
      "inputs": {
        "nixpkgs": [
          "nixpkgs"
        ]
      },
      "locked": {
        "lastModified": 1755657401,
        "narHash": "sha256-rPHuWPAcwW63wH1SUtDCqAnf2+60pi/pGMCIhVobzXc=",
        "owner": "oxalica",
        "repo": "rust-overlay",
        "rev": "292ca754b0f679b842fbfc4734f017c351f0e9eb",
        "type": "github"
      },
      "original": {
        "owner": "oxalica",
        "repo": "rust-overlay",
        "type": "github"
      }
    }
  },
  "root": "root",
  "version": 7
}
